hash: 39c58e5f08965426f435bb72ea81238688256c0d1f70819fb3edd15abd9fedaa
updated: 2017-06-05T16:40:04.219230403+08:00
imports:
- name: github.com/bradfitz/gomemcache
  version: 1952afaa557dc08e8e0d89eafab110fb501c1a2b
  subpackages:
  - memcache
- name: github.com/denverdino/aliyungo
  version: 812f2752cabdc83e7d410c49f25c2b4b99aa166b
  subpackages:
  - common
  - oss
  - util
- name: github.com/fatih/color
  version: 62e9147c64a1ed519147b62a56a14e83e2be02c1
- name: github.com/go-macaron/binding
  version: 1513c901915731e941815f60ede6a9c21c69a550
- name: github.com/go-macaron/cache
  version: 56173531277692bc2925924d51fda1cd0a6b8178
  subpackages:
  - memcache
  - redis
- name: github.com/go-macaron/captcha
  version: cbfb9d984efb41f44f63e9abaa366a3308ff78ca
- name: github.com/go-macaron/csrf
  version: 428b7c62d7d0034b048b1cd43ba60d87857f5253
- name: github.com/go-macaron/gzip
  version: cad1c6580a07c56f5f6bc52d66002a05985c5854
- name: github.com/go-macaron/inject
  version: d8a0b8677191f4380287cfebd08e462217bac7ad
- name: github.com/go-macaron/session
  version: b8e286a0dba8f4999042d6b258daf51b31d08938
  subpackages:
  - redis
- name: github.com/go-macaron/toolbox
  version: 6766b8f16d1b135b250f09ba4dc4e24ab65b1107
- name: github.com/go-sql-driver/mysql
  version: e3f0fdcf52770a162d5a4540ddb8d9957ff456d1
- name: github.com/go-xorm/builder
  version: c8871c857d2555fbfbd8524f895be5386d3d8836
- name: github.com/go-xorm/core
  version: 6c9f9bf3130d143937e4adcef1cf1bb9f6899260
- name: github.com/go-xorm/xorm
  version: a4a8e4a739ec3d12fd603c98707fd365f9121e42
- name: github.com/jaytaylor/html2text
  version: 7c7a33a7a158a5ce395c803d2b6a209b2bbc14c8
- name: github.com/klauspost/compress
  version: f3dce52e0576655d55fd69e74b63da96ad1108f3
  subpackages:
  - flate
  - gzip
- name: github.com/klauspost/cpuid
  version: 09cded8978dc9e80714c4d85b0322337b0a1e5e0
- name: github.com/lib/pq
  version: 8837942c3e09574accbc5f150e2c5e057189cace
  subpackages:
  - oid
- name: github.com/mattn/go-colorable
  version: 5411d3eea5978e6cdc258b30de592b60df6aba96
  repo: https://github.com/mattn/go-colorable
- name: github.com/mattn/go-isatty
  version: 57fdcb988a5c543893cc61bce354a6e24ab70022
  repo: https://github.com/mattn/go-isatty
- name: github.com/mattn/go-runewidth
  version: 97311d9f7767e3d6f422ea06661bc2c7a19e8a5d
- name: github.com/olekukonko/tablewriter
  version: febf2d34b54a69ce7530036c7503b1c9fbfdf0bb
- name: github.com/sergi/go-diff
  version: feef008d51ad2b3778f85d387ccf91735543008d
  subpackages:
  - diffmatchpatch
- name: github.com/ssor/bom
  version: 6ed919a936d5ab554e4b40bc51f7c522488122c6
- name: github.com/Unknwon/com
  version: 0db4a625e949e956314d7d1adea9bf82384cc10c
- name: golang.org/x/crypto
  version: e1a4589e7d3ea14a3352255d04b6f1a418845e5e
  subpackages:
  - pbkdf2
- name: golang.org/x/net
  version: 59a0b19b5533c7977ddeb86b017bf507ed407b12
  subpackages:
  - context
  - html
  - html/atom
- name: golang.org/x/sys
  version: e24f485414aeafb646f6fca458b0bf869c0880a1
  repo: https://go.googlesource.com/sys
  subpackages:
  - unix
- name: gopkg.in/ahmetb/go-linq.v3
  version: 7e71c124c1f903df09ca08678f145f68b45d125e
- name: gopkg.in/alexcesaro/quotedprintable.v3
  version: 2caba252f4dc53eaf6b553000885530023f54623
- name: gopkg.in/bufio.v1
  version: 567b2bfa514e796916c4747494d6ff5132a1dfce
- name: gopkg.in/clog.v1
  version: 8492a6faa632c31ba82f562b53b4a6e5eacf2732
- name: gopkg.in/gomail.v2
  version: 81ebce5c23dfd25c6c67194b37d3dd3f338c98b1
- name: gopkg.in/ini.v1
  version: d3de07a94d22b4a0972deb4b96d790c2c0ce8333
- name: gopkg.in/macaron.v1
  version: a325110f8b392bce3e5cdeb8c44bf98078ada3be
- name: gopkg.in/redis.v2
  version: e6179049628164864e6e84e973cfb56335748dea
- name: gopkg.in/urfave/cli.v1
  version: 0bdeddeeb0f650497d603c4ad7b20cfe685682f6
- name: qiniupkg.com/api.v7
  version: bfdd4d9168aadeb511973be6b03e481f7365a613
  subpackages:
  - api
  - auth/qbox
  - conf
  - kodo
  - kodocli
- name: qiniupkg.com/x
  version: f512abcf45ab4e2ba0fd4784c57b53d495997d66
  subpackages:
  - bytes.v7
  - bytes.v7/seekable
  - ctype.v7
  - log.v7
  - reqid.v7
  - rpc.v7
  - url.v7
  - xlog.v7
testImports: []
